<?xml version="1.0" encoding="utf-8"?>
<Project ToolsVersion="4.0" xmlns="http://schemas.microsoft.com/developer/msbuild/2003">
  <ItemGroup>
    <FxCompile Include="..\..\src\render\shader\light.fx">
      <Filter>render\shader</Filter>
    </FxCompile>
    <FxCompile Include="..\..\src\render\shader\lightHelper.fx">
      <Filter>render\shader</Filter>
    </FxCompile>
    <FxCompile Include="..\..\src\render\shader\color.fx">
      <Filter>render\shader</Filter>
    </FxCompile>
    <FxCompile Include="..\..\src\render\shader\basic.fx">
      <Filter>render\shader</Filter>
    </FxCompile>
  </ItemGroup>
  <ItemGroup>
    <ClCompile Include="..\..\src\base\application.cpp">
      <Filter>base</Filter>
    </ClCompile>
    <ClCompile Include="..\..\src\base\director.cpp">
      <Filter>base</Filter>
    </ClCompile>
    <ClCompile Include="..\..\src\base\keyManager.cpp">
      <Filter>base</Filter>
    </ClCompile>
    <ClCompile Include="..\..\src\base\object.cpp">
      <Filter>base</Filter>
    </ClCompile>
    <ClCompile Include="..\..\src\base\renderer.cpp">
      <Filter>base</Filter>
    </ClCompile>
    <ClCompile Include="..\..\src\base\timer.cpp">
      <Filter>base</Filter>
    </ClCompile>
    <ClCompile Include="..\..\src\component\component.cpp">
      <Filter>component</Filter>
    </ClCompile>
    <ClCompile Include="..\..\src\component\debugLine.cpp">
      <Filter>component</Filter>
    </ClCompile>
    <ClCompile Include="..\..\src\component\model.cpp">
      <Filter>component</Filter>
    </ClCompile>
    <ClCompile Include="..\..\src\component\scene.cpp">
      <Filter>component</Filter>
    </ClCompile>
    <ClCompile Include="..\..\src\math\mathHelper.cpp">
      <Filter>math</Filter>
    </ClCompile>
    <ClCompile Include="..\..\src\math\matrix.cpp">
      <Filter>math</Filter>
    </ClCompile>
    <ClCompile Include="..\..\src\math\matrix3.cpp">
      <Filter>math</Filter>
    </ClCompile>
    <ClCompile Include="..\..\src\math\matrix4.cpp">
      <Filter>math</Filter>
    </ClCompile>
    <ClCompile Include="..\..\src\math\ray.cpp">
      <Filter>math</Filter>
    </ClCompile>
    <ClCompile Include="..\..\src\math\vector2.cpp">
      <Filter>math</Filter>
    </ClCompile>
    <ClCompile Include="..\..\src\math\vector3.cpp">
      <Filter>math</Filter>
    </ClCompile>
    <ClCompile Include="..\..\src\math\vector4.cpp">
      <Filter>math</Filter>
    </ClCompile>
    <ClCompile Include="..\..\src\base\event\event.cpp">
      <Filter>base\event</Filter>
    </ClCompile>
    <ClCompile Include="..\..\src\base\event\mouseEvent.cpp">
      <Filter>base\event</Filter>
    </ClCompile>
    <ClCompile Include="..\..\src\base\event\updateEvent.cpp">
      <Filter>base\event</Filter>
    </ClCompile>
    <ClCompile Include="..\..\src\render\camera\camera.cpp">
      <Filter>render\camera</Filter>
    </ClCompile>
    <ClCompile Include="..\..\src\render\camera\perspectiveCamera.cpp">
      <Filter>render\camera</Filter>
    </ClCompile>
    <ClCompile Include="..\..\src\render\camera\orthographicCamera.cpp">
      <Filter>render\camera</Filter>
    </ClCompile>
    <ClCompile Include="..\..\src\render\shaderResource.cpp">
      <Filter>render</Filter>
    </ClCompile>
    <ClCompile Include="..\..\src\render\texture.cpp">
      <Filter>render</Filter>
    </ClCompile>
    <ClCompile Include="..\..\src\render\mesh.cpp">
      <Filter>render</Filter>
    </ClCompile>
    <ClCompile Include="..\..\src\render\inputLayout.cpp">
      <Filter>render</Filter>
    </ClCompile>
    <ClCompile Include="..\..\src\render\renderStates.cpp">
      <Filter>render</Filter>
    </ClCompile>
    <ClCompile Include="..\..\src\render\renderTarget.cpp">
      <Filter>render</Filter>
    </ClCompile>
    <ClCompile Include="..\..\src\utility\log.cpp">
      <Filter>uitility</Filter>
    </ClCompile>
    <ClCompile Include="..\..\src\utility\meshGenerator.cpp">
      <Filter>uitility</Filter>
    </ClCompile>
    <ClCompile Include="..\..\src\render\effect.cpp">
      <Filter>render</Filter>
    </ClCompile>
    <ClCompile Include="..\..\src\base\event\mousePickTriangleEvent.cpp">
      <Filter>base\event</Filter>
    </ClCompile>
  </ItemGroup>
  <ItemGroup>
    <ClInclude Include="..\..\src\eel.h" />
    <ClInclude Include="..\..\src\base\application.h">
      <Filter>base</Filter>
    </ClInclude>
    <ClInclude Include="..\..\src\base\director.h">
      <Filter>base</Filter>
    </ClInclude>
    <ClInclude Include="..\..\src\base\keyManager.h">
      <Filter>base</Filter>
    </ClInclude>
    <ClInclude Include="..\..\src\base\macro.h">
      <Filter>base</Filter>
    </ClInclude>
    <ClInclude Include="..\..\src\base\object.h">
      <Filter>base</Filter>
    </ClInclude>
    <ClInclude Include="..\..\src\base\renderer.h">
      <Filter>base</Filter>
    </ClInclude>
    <ClInclude Include="..\..\src\base\timer.h">
      <Filter>base</Filter>
    </ClInclude>
    <ClInclude Include="..\..\src\component\component.h">
      <Filter>component</Filter>
    </ClInclude>
    <ClInclude Include="..\..\src\component\debugLine.h">
      <Filter>component</Filter>
    </ClInclude>
    <ClInclude Include="..\..\src\component\model.h">
      <Filter>component</Filter>
    </ClInclude>
    <ClInclude Include="..\..\src\component\scene.h">
      <Filter>component</Filter>
    </ClInclude>
    <ClInclude Include="..\..\src\math\mathHelper.h">
      <Filter>math</Filter>
    </ClInclude>
    <ClInclude Include="..\..\src\math\matrix.h">
      <Filter>math</Filter>
    </ClInclude>
    <ClInclude Include="..\..\src\math\matrix3.h">
      <Filter>math</Filter>
    </ClInclude>
    <ClInclude Include="..\..\src\math\matrix4.h">
      <Filter>math</Filter>
    </ClInclude>
    <ClInclude Include="..\..\src\math\ray.h">
      <Filter>math</Filter>
    </ClInclude>
    <ClInclude Include="..\..\src\math\vector.h">
      <Filter>math</Filter>
    </ClInclude>
    <ClInclude Include="..\..\src\math\vector2.h">
      <Filter>math</Filter>
    </ClInclude>
    <ClInclude Include="..\..\src\math\vector3.h">
      <Filter>math</Filter>
    </ClInclude>
    <ClInclude Include="..\..\src\math\vector4.h">
      <Filter>math</Filter>
    </ClInclude>
    <ClInclude Include="..\..\src\base\event\event.h">
      <Filter>base\event</Filter>
    </ClInclude>
    <ClInclude Include="..\..\src\base\event\mouseEvent.h">
      <Filter>base\event</Filter>
    </ClInclude>
    <ClInclude Include="..\..\src\base\event\updateEvent.h">
      <Filter>base\event</Filter>
    </ClInclude>
    <ClInclude Include="..\..\src\render\camera\camera.h">
      <Filter>render\camera</Filter>
    </ClInclude>
    <ClInclude Include="..\..\src\render\camera\orthographicCamera.h">
      <Filter>render\camera</Filter>
    </ClInclude>
    <ClInclude Include="..\..\src\render\camera\perspectiveCamera.h">
      <Filter>render\camera</Filter>
    </ClInclude>
    <ClInclude Include="..\..\src\render\light\light.h">
      <Filter>render\light</Filter>
    </ClInclude>
    <ClInclude Include="..\..\src\render\light\pointLight.h">
      <Filter>render\light</Filter>
    </ClInclude>
    <ClInclude Include="..\..\src\render\light\directionalLight.h">
      <Filter>render\light</Filter>
    </ClInclude>
    <ClInclude Include="..\..\src\render\light\material.h">
      <Filter>render\light</Filter>
    </ClInclude>
    <ClInclude Include="..\..\src\render\light\spotLight.h">
      <Filter>render\light</Filter>
    </ClInclude>
    <ClInclude Include="..\..\src\render\vertex\vertexUtil.h">
      <Filter>render\vertex</Filter>
    </ClInclude>
    <ClInclude Include="..\..\src\render\vertex\posColor.h">
      <Filter>render\vertex</Filter>
    </ClInclude>
    <ClInclude Include="..\..\src\render\vertex\posNormal.h">
      <Filter>render\vertex</Filter>
    </ClInclude>
    <ClInclude Include="..\..\src\render\vertex\posBasic.h">
      <Filter>render\vertex</Filter>
    </ClInclude>
    <ClInclude Include="..\..\src\render\shaderResource.h">
      <Filter>render</Filter>
    </ClInclude>
    <ClInclude Include="..\..\src\render\texture.h">
      <Filter>render</Filter>
    </ClInclude>
    <ClInclude Include="..\..\src\render\mesh.h">
      <Filter>render</Filter>
    </ClInclude>
    <ClInclude Include="..\..\src\render\inputLayout.h">
      <Filter>render</Filter>
    </ClInclude>
    <ClInclude Include="..\..\src\render\renderStates.h">
      <Filter>render</Filter>
    </ClInclude>
    <ClInclude Include="..\..\src\render\renderTarget.h">
      <Filter>render</Filter>
    </ClInclude>
    <ClInclude Include="..\..\src\utility\utility.h">
      <Filter>uitility</Filter>
    </ClInclude>
    <ClInclude Include="..\..\src\utility\clonable.h">
      <Filter>uitility</Filter>
    </ClInclude>
    <ClInclude Include="..\..\src\utility\compare.h">
      <Filter>uitility</Filter>
    </ClInclude>
    <ClInclude Include="..\..\src\utility\log.h">
      <Filter>uitility</Filter>
    </ClInclude>
    <ClInclude Include="..\..\src\utility\debug.h">
      <Filter>uitility</Filter>
    </ClInclude>
    <ClInclude Include="..\..\src\utility\meshGenerator.h">
      <Filter>uitility</Filter>
    </ClInclude>
    <ClInclude Include="..\..\src\utility\singleton.h">
      <Filter>uitility</Filter>
    </ClInclude>
    <ClInclude Include="..\..\src\render\effect.h">
      <Filter>render</Filter>
    </ClInclude>
    <ClInclude Include="..\..\src\base\event\mousePickTriangleEvent.h">
      <Filter>base\event</Filter>
    </ClInclude>
  </ItemGroup>
  <ItemGroup>
    <Filter Include="base">
      <UniqueIdentifier>{f2945bf8-a9c3-4fc0-8647-e9b56db961fd}</UniqueIdentifier>
    </Filter>
    <Filter Include="component">
      <UniqueIdentifier>{037c0a15-52d9-403f-8901-e572db7a74c6}</UniqueIdentifier>
    </Filter>
    <Filter Include="math">
      <UniqueIdentifier>{7ebcb101-9320-4b3c-a742-658685222c5f}</UniqueIdentifier>
    </Filter>
    <Filter Include="render">
      <UniqueIdentifier>{12703f15-648b-453c-b0a2-ac4be36e44d2}</UniqueIdentifier>
    </Filter>
    <Filter Include="render\camera">
      <UniqueIdentifier>{f7e7c6b2-d01c-410b-94b5-499a73c97e4d}</UniqueIdentifier>
    </Filter>
    <Filter Include="render\light">
      <UniqueIdentifier>{f90cf854-4c41-4040-bd2a-2a9166ecdf0f}</UniqueIdentifier>
    </Filter>
    <Filter Include="render\shader">
      <UniqueIdentifier>{b50a2127-9ff6-4c37-ac5a-3116718b9c24}</UniqueIdentifier>
    </Filter>
    <Filter Include="render\vertex">
      <UniqueIdentifier>{2e0e0167-c870-4170-b8fc-f9a2638fba46}</UniqueIdentifier>
    </Filter>
    <Filter Include="base\event">
      <UniqueIdentifier>{23531166-3c5c-416d-ba3e-da3f676989fd}</UniqueIdentifier>
    </Filter>
    <Filter Include="uitility">
      <UniqueIdentifier>{5756a33e-338e-4913-9e20-1f5c3953c9d9}</UniqueIdentifier>
    </Filter>
  </ItemGroup>
</Project>