<?xml version="1.0" encoding="utf-8"?>
<Project ToolsVersion="4.0" xmlns="http://schemas.microsoft.com/developer/msbuild/2003">
  <ItemGroup>
    <ClCompile Include="..\..\src\base\application.cpp">
      <Filter>base</Filter>
    </ClCompile>
    <ClCompile Include="..\..\src\base\director.cpp">
      <Filter>base</Filter>
    </ClCompile>
    <ClCompile Include="..\..\src\base\object.cpp">
      <Filter>base</Filter>
    </ClCompile>
    <ClCompile Include="..\..\src\base\renderer.cpp">
      <Filter>base</Filter>
    </ClCompile>
    <ClCompile Include="..\..\src\component\component.cpp">
      <Filter>component</Filter>
    </ClCompile>
    <ClCompile Include="..\..\src\component\model.cpp">
      <Filter>component</Filter>
    </ClCompile>
    <ClCompile Include="..\..\src\component\scene.cpp">
      <Filter>component</Filter>
    </ClCompile>
    <ClCompile Include="..\..\src\math\matrix3.cpp">
      <Filter>math</Filter>
    </ClCompile>
    <ClCompile Include="..\..\src\math\matrix4.cpp">
      <Filter>math</Filter>
    </ClCompile>
    <ClCompile Include="..\..\src\math\vector2.cpp">
      <Filter>math</Filter>
    </ClCompile>
    <ClCompile Include="..\..\src\math\vector3.cpp">
      <Filter>math</Filter>
    </ClCompile>
    <ClCompile Include="..\..\src\math\vector4.cpp">
      <Filter>math</Filter>
    </ClCompile>
    <ClCompile Include="..\..\src\render\effect.cpp">
      <Filter>render</Filter>
    </ClCompile>
    <ClCompile Include="..\..\src\render\mesh.cpp">
      <Filter>render</Filter>
    </ClCompile>
    <ClCompile Include="..\..\src\render\renderStates.cpp">
      <Filter>render</Filter>
    </ClCompile>
    <ClCompile Include="..\..\src\render\renderTarget.cpp">
      <Filter>render</Filter>
    </ClCompile>
    <ClCompile Include="..\..\src\render\texture.cpp">
      <Filter>render</Filter>
    </ClCompile>
    <ClCompile Include="..\..\src\utility\log.cpp">
      <Filter>utility</Filter>
    </ClCompile>
    <ClCompile Include="..\..\src\render\camera\camera.cpp">
      <Filter>render\camera</Filter>
    </ClCompile>
    <ClCompile Include="..\..\src\render\camera\orthographicCamera.cpp">
      <Filter>render\camera</Filter>
    </ClCompile>
    <ClCompile Include="..\..\src\render\camera\perspectiveCamera.cpp">
      <Filter>render\camera</Filter>
    </ClCompile>
    <ClCompile Include="..\..\src\math\matrix.cpp">
      <Filter>math</Filter>
    </ClCompile>
    <ClCompile Include="..\..\src\render\inputLayout.cpp">
      <Filter>render</Filter>
    </ClCompile>
    <ClCompile Include="..\..\src\base\event\event.cpp">
      <Filter>base\event</Filter>
    </ClCompile>
    <ClCompile Include="..\..\src\base\event\mouseEvent.cpp">
      <Filter>base\event</Filter>
    </ClCompile>
    <ClCompile Include="..\..\src\base\event\updateEvent.cpp">
      <Filter>base\event</Filter>
    </ClCompile>
    <ClCompile Include="..\..\src\base\timer.cpp">
      <Filter>base</Filter>
    </ClCompile>
    <ClCompile Include="..\..\src\base\keyManager.cpp">
      <Filter>base</Filter>
    </ClCompile>
    <ClCompile Include="..\..\src\render\light\light.cpp">
      <Filter>render\light</Filter>
    </ClCompile>
  </ItemGroup>
  <ItemGroup>
    <ClInclude Include="..\..\src\eel.h" />
    <ClInclude Include="..\..\src\base\application.h">
      <Filter>base</Filter>
    </ClInclude>
    <ClInclude Include="..\..\src\base\director.h">
      <Filter>base</Filter>
    </ClInclude>
    <ClInclude Include="..\..\src\base\macro.h">
      <Filter>base</Filter>
    </ClInclude>
    <ClInclude Include="..\..\src\base\object.h">
      <Filter>base</Filter>
    </ClInclude>
    <ClInclude Include="..\..\src\base\renderer.h">
      <Filter>base</Filter>
    </ClInclude>
    <ClInclude Include="..\..\src\component\component.h">
      <Filter>component</Filter>
    </ClInclude>
    <ClInclude Include="..\..\src\component\model.h">
      <Filter>component</Filter>
    </ClInclude>
    <ClInclude Include="..\..\src\component\scene.h">
      <Filter>component</Filter>
    </ClInclude>
    <ClInclude Include="..\..\src\math\matrix.h">
      <Filter>math</Filter>
    </ClInclude>
    <ClInclude Include="..\..\src\math\matrix3.h">
      <Filter>math</Filter>
    </ClInclude>
    <ClInclude Include="..\..\src\math\matrix4.h">
      <Filter>math</Filter>
    </ClInclude>
    <ClInclude Include="..\..\src\math\vector.h">
      <Filter>math</Filter>
    </ClInclude>
    <ClInclude Include="..\..\src\math\vector2.h">
      <Filter>math</Filter>
    </ClInclude>
    <ClInclude Include="..\..\src\math\vector3.h">
      <Filter>math</Filter>
    </ClInclude>
    <ClInclude Include="..\..\src\math\vector4.h">
      <Filter>math</Filter>
    </ClInclude>
    <ClInclude Include="..\..\src\render\effect.h">
      <Filter>render</Filter>
    </ClInclude>
    <ClInclude Include="..\..\src\render\mesh.h">
      <Filter>render</Filter>
    </ClInclude>
    <ClInclude Include="..\..\src\render\renderStates.h">
      <Filter>render</Filter>
    </ClInclude>
    <ClInclude Include="..\..\src\render\renderTarget.h">
      <Filter>render</Filter>
    </ClInclude>
    <ClInclude Include="..\..\src\render\texture.h">
      <Filter>render</Filter>
    </ClInclude>
    <ClInclude Include="..\..\src\utility\compare.h">
      <Filter>utility</Filter>
    </ClInclude>
    <ClInclude Include="..\..\src\utility\debug.h">
      <Filter>utility</Filter>
    </ClInclude>
    <ClInclude Include="..\..\src\utility\log.h">
      <Filter>utility</Filter>
    </ClInclude>
    <ClInclude Include="..\..\src\utility\makeCreate.h">
      <Filter>utility</Filter>
    </ClInclude>
    <ClInclude Include="..\..\src\utility\singleton.h">
      <Filter>utility</Filter>
    </ClInclude>
    <ClInclude Include="..\..\src\render\camera\camera.h">
      <Filter>render\camera</Filter>
    </ClInclude>
    <ClInclude Include="..\..\src\render\camera\orthographicCamera.h">
      <Filter>render\camera</Filter>
    </ClInclude>
    <ClInclude Include="..\..\src\render\camera\perspectiveCamera.h">
      <Filter>render\camera</Filter>
    </ClInclude>
    <ClInclude Include="..\..\src\render\vertex\posBasic.h">
      <Filter>render\vertex</Filter>
    </ClInclude>
    <ClInclude Include="..\..\src\render\vertex\posColor.h">
      <Filter>render\vertex</Filter>
    </ClInclude>
    <ClInclude Include="..\..\src\render\vertex\posNormal.h">
      <Filter>render\vertex</Filter>
    </ClInclude>
    <ClInclude Include="..\..\src\math\mathHelper.h">
      <Filter>math</Filter>
    </ClInclude>
    <ClInclude Include="..\..\src\render\inputLayout.h">
      <Filter>render</Filter>
    </ClInclude>
    <ClInclude Include="..\..\src\base\event\event.h">
      <Filter>base\event</Filter>
    </ClInclude>
    <ClInclude Include="..\..\src\base\event\mouseEvent.h">
      <Filter>base\event</Filter>
    </ClInclude>
    <ClInclude Include="..\..\src\base\event\updateEvent.h">
      <Filter>base\event</Filter>
    </ClInclude>
    <ClInclude Include="..\..\src\base\timer.h">
      <Filter>base</Filter>
    </ClInclude>
    <ClInclude Include="..\..\src\render\light\light.h">
      <Filter>render\light</Filter>
    </ClInclude>
    <ClInclude Include="..\..\src\base\keyManager.h">
      <Filter>base</Filter>
    </ClInclude>
    <ClInclude Include="..\..\src\utility\Clonable.h">
      <Filter>utility</Filter>
    </ClInclude>
    <ClInclude Include="..\..\src\render\light\directionalLight.h">
      <Filter>render\light</Filter>
    </ClInclude>
  </ItemGroup>
  <ItemGroup>
    <Filter Include="base">
      <UniqueIdentifier>{9048f8c7-68fc-4474-857a-359327720431}</UniqueIdentifier>
    </Filter>
    <Filter Include="component">
      <UniqueIdentifier>{45388ccb-bc23-48e5-b83e-5ccc0311bfba}</UniqueIdentifier>
    </Filter>
    <Filter Include="math">
      <UniqueIdentifier>{eabbb2e8-0740-4d44-99a1-e9f69dbadd3d}</UniqueIdentifier>
    </Filter>
    <Filter Include="render">
      <UniqueIdentifier>{dda8a99a-3f19-4614-9411-aa741fb19bbb}</UniqueIdentifier>
    </Filter>
    <Filter Include="utility">
      <UniqueIdentifier>{dfb6bd11-6b13-4f5e-86d3-7a309ffb3a25}</UniqueIdentifier>
    </Filter>
    <Filter Include="render\camera">
      <UniqueIdentifier>{249be0e3-cce9-447c-815f-038e4e211129}</UniqueIdentifier>
    </Filter>
    <Filter Include="render\shader">
      <UniqueIdentifier>{4cc069d3-9320-4c36-a3aa-a90c87873779}</UniqueIdentifier>
    </Filter>
    <Filter Include="render\vertex">
      <UniqueIdentifier>{d4c0d938-f384-442b-a05d-82638b7bbf41}</UniqueIdentifier>
    </Filter>
    <Filter Include="base\event">
      <UniqueIdentifier>{d417dc35-a9f4-4ebe-8900-eb43ca3c5037}</UniqueIdentifier>
    </Filter>
    <Filter Include="render\light">
      <UniqueIdentifier>{d6c0ef4c-273f-4170-8b59-759e676be0ee}</UniqueIdentifier>
    </Filter>
  </ItemGroup>
  <ItemGroup>
    <FxCompile Include="..\..\src\render\shader\color.fx">
      <Filter>render\shader</Filter>
    </FxCompile>
  </ItemGroup>
</Project>