<?xml version="1.0" encoding="utf-8"?>
<Project ToolsVersion="4.0" xmlns="http://schemas.microsoft.com/developer/msbuild/2003">
  <ItemGroup>
    <Text Include="ReadMe.txt" />
  </ItemGroup>
  <ItemGroup>
    <ClInclude Include="src\base\macro.h" />
    <ClInclude Include="src\eel.h" />
    <ClInclude Include="src\base\application.h" />
    <ClInclude Include="src\base\director.h" />
    <ClInclude Include="src\utility\singleton.h" />
  </ItemGroup>
  <ItemGroup>
    <ClCompile Include="src\base\application.cpp" />
    <ClCompile Include="src\base\director.cpp" />
    <ClCompile Include="src\utility\singleton.cpp" />
  </ItemGroup>
</Project>